
Microsoft Visual Studio Solution File, Format Version 12.00
# Visual Studio Version 16
VisualStudioVersion = 16.0.28407.52
MinimumVisualStudioVersion = 10.0.40219.1
Project("{9A19103F-16F7-4668-BE54-9A1E7A4F7556}") = "PixelCrawler", "PixelCrawler\PixelCrawler.csproj", "{1BEE6ADD-A2BD-4821-95C3-CD13F944315F}"
EndProject
Project("{9A19103F-16F7-4668-BE54-9A1E7A4F7556}") = "ImageGalleryDb", "..\ImageGalleryDb\ImageGalleryDb.csproj", "{9398BD69-0B51-48C8-87C6-20DC067977C9}"
EndProject
Global
	GlobalSection(SolutionConfigurationPlatforms) = preSolution
		Debug|Any CPU = Debug|Any CPU
		Release|Any CPU = Release|Any CPU
	EndGlobalSection
	GlobalSection(ProjectConfigurationPlatforms) = postSolution
		{1BEE6ADD-A2BD-4821-95C3-CD13F944315F}.Debug|Any CPU.ActiveCfg = Debug|Any CPU
		{1BEE6ADD-A2BD-4821-95C3-CD13F944315F}.Debug|Any CPU.Build.0 = Debug|Any CPU
		{1BEE6ADD-A2BD-4821-95C3-CD13F944315F}.Release|Any CPU.ActiveCfg = Release|Any CPU
		{1BEE6ADD-A2BD-4821-95C3-CD13F944315F}.Release|Any CPU.Build.0 = Release|Any CPU
		{9398BD69-0B51-48C8-87C6-20DC067977C9}.Debug|Any CPU.ActiveCfg = Debug|Any CPU
		{9398BD69-0B51-48C8-87C6-20DC067977C9}.Debug|Any CPU.Build.0 = Debug|Any CPU
		{9398BD69-0B51-48C8-87C6-20DC067977C9}.Release|Any CPU.ActiveCfg = Release|Any CPU
		{9398BD69-0B51-48C8-87C6-20DC067977C9}.Release|Any CPU.Build.0 = Release|Any CPU
	EndGlobalSection
	GlobalSection(SolutionProperties) = preSolution
		HideSolutionNode = FALSE
	EndGlobalSection
	GlobalSection(ExtensibilityGlobals) = postSolution
		SolutionGuid = {B55EFC8D-E4DB-45CA-BE60-BB93BB0CAAD0}
	EndGlobalSection
EndGlobal
