
Microsoft Visual Studio Solution File, Format Version 12.00
# Visual Studio Version 16
VisualStudioVersion = 16.0.28527.54
MinimumVisualStudioVersion = 10.0.40219.1
Project("{FAE04EC0-301F-11D3-BF4B-00C04F79EFBC}") = "ImageGallery", "ImageGallery\ImageGallery.csproj", "{8756FEB4-920A-439B-9C8E-7DA53CA807EB}"
EndProject
Project("{9A19103F-16F7-4668-BE54-9A1E7A4F7556}") = "ImageGalleryDb", "..\ImageGalleryDb\ImageGalleryDb.csproj", "{C4692251-3D54-4D05-93E1-E264FCA657C2}"
EndProject
Global
	GlobalSection(SolutionConfigurationPlatforms) = preSolution
		Debug|Any CPU = Debug|Any CPU
		Release|Any CPU = Release|Any CPU
	EndGlobalSection
	GlobalSection(ProjectConfigurationPlatforms) = postSolution
		{8756FEB4-920A-439B-9C8E-7DA53CA807EB}.Debug|Any CPU.ActiveCfg = Debug|Any CPU
		{8756FEB4-920A-439B-9C8E-7DA53CA807EB}.Debug|Any CPU.Build.0 = Debug|Any CPU
		{8756FEB4-920A-439B-9C8E-7DA53CA807EB}.Release|Any CPU.ActiveCfg = Release|Any CPU
		{8756FEB4-920A-439B-9C8E-7DA53CA807EB}.Release|Any CPU.Build.0 = Release|Any CPU
		{C4692251-3D54-4D05-93E1-E264FCA657C2}.Debug|Any CPU.ActiveCfg = Debug|Any CPU
		{C4692251-3D54-4D05-93E1-E264FCA657C2}.Debug|Any CPU.Build.0 = Debug|Any CPU
		{C4692251-3D54-4D05-93E1-E264FCA657C2}.Release|Any CPU.ActiveCfg = Release|Any CPU
		{C4692251-3D54-4D05-93E1-E264FCA657C2}.Release|Any CPU.Build.0 = Release|Any CPU
	EndGlobalSection
	GlobalSection(SolutionProperties) = preSolution
		HideSolutionNode = FALSE
	EndGlobalSection
	GlobalSection(ExtensibilityGlobals) = postSolution
		SolutionGuid = {4C88DE8F-3BF5-4763-83AA-E41BA7979334}
	EndGlobalSection
EndGlobal
